
Microsoft Visual Studio Solution File, Format Version 12.00
# Visual Studio 15
VisualStudioVersion = 15.0.28010.2048
MinimumVisualStudioVersion = 10.0.40219.1
Project("{FAE04EC0-301F-11D3-BF4B-00C04F79EFBC}") = "MySchool.LearningPlan.Domain", "MySchool.LearningPlan.Domain\MySchool.LearningPlan.Domain.csproj", "{0BB394D2-ECAA-4047-9F58-D3C7DACC67BE}"
EndProject
Global
	GlobalSection(SolutionConfigurationPlatforms) = preSolution
		Debug|Any CPU = Debug|Any CPU
		Release|Any CPU = Release|Any CPU
	EndGlobalSection
	GlobalSection(ProjectConfigurationPlatforms) = postSolution
		{0BB394D2-ECAA-4047-9F58-D3C7DACC67BE}.Debug|Any CPU.ActiveCfg = Debug|Any CPU
		{0BB394D2-ECAA-4047-9F58-D3C7DACC67BE}.Debug|Any CPU.Build.0 = Debug|Any CPU
		{0BB394D2-ECAA-4047-9F58-D3C7DACC67BE}.Release|Any CPU.ActiveCfg = Release|Any CPU
		{0BB394D2-ECAA-4047-9F58-D3C7DACC67BE}.Release|Any CPU.Build.0 = Release|Any CPU
	EndGlobalSection
	GlobalSection(SolutionProperties) = preSolution
		HideSolutionNode = FALSE
	EndGlobalSection
	GlobalSection(ExtensibilityGlobals) = postSolution
		SolutionGuid = {7C52F091-004A-44E2-AD7F-F9FDAFD73FBA}
	EndGlobalSection
EndGlobal
